
Microsoft Visual Studio Solution File, Format Version 12.00
# Visual Studio Version 17
VisualStudioVersion = 17.8.34330.188
MinimumVisualStudioVersion = 10.0.40219.1
Project("{9A19103F-16F7-4668-BE54-9A1E7A4F7556}") = "AppControle.Hybrid", "AppControle.Hybrid\AppControle.Hybrid.csproj", "{168DB395-31F3-4621-9AC3-31D9CF3B935F}"
EndProject
Project("{9A19103F-16F7-4668-BE54-9A1E7A4F7556}") = "AppControle.Shared", "AppControle.Shared\AppControle.Shared.csproj", "{5E20F4E7-33AD-4158-8AE2-FC0A60E1BF3F}"
EndProject
Project("{9A19103F-16F7-4668-BE54-9A1E7A4F7556}") = "AppControle.API", "AppControle.API\AppControle.API.csproj", "{977EC182-EA6C-4AA5-BA6E-12F31D1CD6C2}"
EndProject
Project("{FAE04EC0-301F-11D3-BF4B-00C04F79EFBC}") = "AppControle.WebApp", "AppControle.WebApp\AppControle.WebApp.csproj", "{0898EFD5-675A-4020-8F99-07B2B6F227B7}"
EndProject
Global
	GlobalSection(SolutionConfigurationPlatforms) = preSolution
		Debug|Any CPU = Debug|Any CPU
		Release|Any CPU = Release|Any CPU
	EndGlobalSection
	GlobalSection(ProjectConfigurationPlatforms) = postSolution
		{168DB395-31F3-4621-9AC3-31D9CF3B935F}.Debug|Any CPU.ActiveCfg = Debug|Any CPU
		{168DB395-31F3-4621-9AC3-31D9CF3B935F}.Debug|Any CPU.Build.0 = Debug|Any CPU
		{168DB395-31F3-4621-9AC3-31D9CF3B935F}.Debug|Any CPU.Deploy.0 = Debug|Any CPU
		{168DB395-31F3-4621-9AC3-31D9CF3B935F}.Release|Any CPU.ActiveCfg = Release|Any CPU
		{168DB395-31F3-4621-9AC3-31D9CF3B935F}.Release|Any CPU.Build.0 = Release|Any CPU
		{168DB395-31F3-4621-9AC3-31D9CF3B935F}.Release|Any CPU.Deploy.0 = Release|Any CPU
		{5E20F4E7-33AD-4158-8AE2-FC0A60E1BF3F}.Debug|Any CPU.ActiveCfg = Debug|Any CPU
		{5E20F4E7-33AD-4158-8AE2-FC0A60E1BF3F}.Debug|Any CPU.Build.0 = Debug|Any CPU
		{5E20F4E7-33AD-4158-8AE2-FC0A60E1BF3F}.Release|Any CPU.ActiveCfg = Release|Any CPU
		{5E20F4E7-33AD-4158-8AE2-FC0A60E1BF3F}.Release|Any CPU.Build.0 = Release|Any CPU
		{977EC182-EA6C-4AA5-BA6E-12F31D1CD6C2}.Debug|Any CPU.ActiveCfg = Debug|Any CPU
		{977EC182-EA6C-4AA5-BA6E-12F31D1CD6C2}.Debug|Any CPU.Build.0 = Debug|Any CPU
		{977EC182-EA6C-4AA5-BA6E-12F31D1CD6C2}.Release|Any CPU.ActiveCfg = Release|Any CPU
		{977EC182-EA6C-4AA5-BA6E-12F31D1CD6C2}.Release|Any CPU.Build.0 = Release|Any CPU
		{0898EFD5-675A-4020-8F99-07B2B6F227B7}.Debug|Any CPU.ActiveCfg = Debug|Any CPU
		{0898EFD5-675A-4020-8F99-07B2B6F227B7}.Debug|Any CPU.Build.0 = Debug|Any CPU
		{0898EFD5-675A-4020-8F99-07B2B6F227B7}.Release|Any CPU.ActiveCfg = Release|Any CPU
		{0898EFD5-675A-4020-8F99-07B2B6F227B7}.Release|Any CPU.Build.0 = Release|Any CPU
	EndGlobalSection
	GlobalSection(SolutionProperties) = preSolution
		HideSolutionNode = FALSE
	EndGlobalSection
	GlobalSection(ExtensibilityGlobals) = postSolution
		SolutionGuid = {A76D8842-C96E-4484-9114-64A468450D4B}
	EndGlobalSection
EndGlobal
